
Microsoft Visual Studio Solution File, Format Version 12.00
# Visual Studio Version 17
VisualStudioVersion = 17.0.31903.59
MinimumVisualStudioVersion = 10.0.40219.1
Project("{2150E333-8FDC-42A3-9474-1A3956D46DE8}") = "src", "src", "{827E0CD3-B72D-47B6-A68D-7590B98EB39B}"
EndProject
Project("{FAE04EC0-301F-11D3-BF4B-00C04F79EFBC}") = "AuthSystem.Core", "src\AuthSystem.Core\AuthSystem.Core.csproj", "{227D6BAB-6DF9-4871-9F7B-3C74C37B179C}"
EndProject
Project("{FAE04EC0-301F-11D3-BF4B-00C04F79EFBC}") = "AuthSystem.Infrastructure", "src\AuthSystem.Infrastructure\AuthSystem.Infrastructure.csproj", "{D409C426-14BB-4E78-AEFA-256CA47DF597}"
EndProject
Project("{FAE04EC0-301F-11D3-BF4B-00C04F79EFBC}") = "AuthSystem.Application", "src\AuthSystem.Application\AuthSystem.Application.csproj", "{8999F728-0DBB-4439-A0A6-200351145078}"
EndProject
Project("{FAE04EC0-301F-11D3-BF4B-00C04F79EFBC}") = "AuthSystem.API", "src\AuthSystem.API\AuthSystem.API.csproj", "{F8E260D9-465D-4A24-8CD0-15B3FA29C70C}"
EndProject
Project("{2150E333-8FDC-42A3-9474-1A3956D46DE8}") = "tests", "tests", "{0AB3BF05-4346-4AA6-1389-037BE0695223}"
EndProject
Project("{FAE04EC0-301F-11D3-BF4B-00C04F79EFBC}") = "AuthSystem.UnitTests", "tests\AuthSystem.UnitTests\AuthSystem.UnitTests.csproj", "{9F6A1D49-779D-4AF2-9A8A-4AEC81EE2FF8}"
EndProject
Project("{FAE04EC0-301F-11D3-BF4B-00C04F79EFBC}") = "AuthSystem.IntegrationTests", "tests\AuthSystem.IntegrationTests\AuthSystem.IntegrationTests.csproj", "{E16652EE-E23F-4971-919F-8F9E6B87BA4B}"
EndProject
Project("{FAE04EC0-301F-11D3-BF4B-00C04F79EFBC}") = "AuthSystem.FunctionalTests", "tests\AuthSystem.FunctionalTests\AuthSystem.FunctionalTests.csproj", "{764C6718-5B71-492B-B6B8-5D43032C4A26}"
EndProject
Global
	GlobalSection(SolutionConfigurationPlatforms) = preSolution
		Debug|Any CPU = Debug|Any CPU
		Debug|x64 = Debug|x64
		Debug|x86 = Debug|x86
		Release|Any CPU = Release|Any CPU
		Release|x64 = Release|x64
		Release|x86 = Release|x86
	EndGlobalSection
	GlobalSection(ProjectConfigurationPlatforms) = postSolution
		{227D6BAB-6DF9-4871-9F7B-3C74C37B179C}.Debug|Any CPU.ActiveCfg = Debug|Any CPU
		{227D6BAB-6DF9-4871-9F7B-3C74C37B179C}.Debug|Any CPU.Build.0 = Debug|Any CPU
		{227D6BAB-6DF9-4871-9F7B-3C74C37B179C}.Debug|x64.ActiveCfg = Debug|Any CPU
		{227D6BAB-6DF9-4871-9F7B-3C74C37B179C}.Debug|x64.Build.0 = Debug|Any CPU
		{227D6BAB-6DF9-4871-9F7B-3C74C37B179C}.Debug|x86.ActiveCfg = Debug|Any CPU
		{227D6BAB-6DF9-4871-9F7B-3C74C37B179C}.Debug|x86.Build.0 = Debug|Any CPU
		{227D6BAB-6DF9-4871-9F7B-3C74C37B179C}.Release|Any CPU.ActiveCfg = Release|Any CPU
		{227D6BAB-6DF9-4871-9F7B-3C74C37B179C}.Release|Any CPU.Build.0 = Release|Any CPU
		{227D6BAB-6DF9-4871-9F7B-3C74C37B179C}.Release|x64.ActiveCfg = Release|Any CPU
		{227D6BAB-6DF9-4871-9F7B-3C74C37B179C}.Release|x64.Build.0 = Release|Any CPU
		{227D6BAB-6DF9-4871-9F7B-3C74C37B179C}.Release|x86.ActiveCfg = Release|Any CPU
		{227D6BAB-6DF9-4871-9F7B-3C74C37B179C}.Release|x86.Build.0 = Release|Any CPU
		{D409C426-14BB-4E78-AEFA-256CA47DF597}.Debug|Any CPU.ActiveCfg = Debug|Any CPU
		{D409C426-14BB-4E78-AEFA-256CA47DF597}.Debug|Any CPU.Build.0 = Debug|Any CPU
		{D409C426-14BB-4E78-AEFA-256CA47DF597}.Debug|x64.ActiveCfg = Debug|Any CPU
		{D409C426-14BB-4E78-AEFA-256CA47DF597}.Debug|x64.Build.0 = Debug|Any CPU
		{D409C426-14BB-4E78-AEFA-256CA47DF597}.Debug|x86.ActiveCfg = Debug|Any CPU
		{D409C426-14BB-4E78-AEFA-256CA47DF597}.Debug|x86.Build.0 = Debug|Any CPU
		{D409C426-14BB-4E78-AEFA-256CA47DF597}.Release|Any CPU.ActiveCfg = Release|Any CPU
		{D409C426-14BB-4E78-AEFA-256CA47DF597}.Release|Any CPU.Build.0 = Release|Any CPU
		{D409C426-14BB-4E78-AEFA-256CA47DF597}.Release|x64.ActiveCfg = Release|Any CPU
		{D409C426-14BB-4E78-AEFA-256CA47DF597}.Release|x64.Build.0 = Release|Any CPU
		{D409C426-14BB-4E78-AEFA-256CA47DF597}.Release|x86.ActiveCfg = Release|Any CPU
		{D409C426-14BB-4E78-AEFA-256CA47DF597}.Release|x86.Build.0 = Release|Any CPU
		{8999F728-0DBB-4439-A0A6-200351145078}.Debug|Any CPU.ActiveCfg = Debug|Any CPU
		{8999F728-0DBB-4439-A0A6-200351145078}.Debug|Any CPU.Build.0 = Debug|Any CPU
		{8999F728-0DBB-4439-A0A6-200351145078}.Debug|x64.ActiveCfg = Debug|Any CPU
		{8999F728-0DBB-4439-A0A6-200351145078}.Debug|x64.Build.0 = Debug|Any CPU
		{8999F728-0DBB-4439-A0A6-200351145078}.Debug|x86.ActiveCfg = Debug|Any CPU
		{8999F728-0DBB-4439-A0A6-200351145078}.Debug|x86.Build.0 = Debug|Any CPU
		{8999F728-0DBB-4439-A0A6-200351145078}.Release|Any CPU.ActiveCfg = Release|Any CPU
		{8999F728-0DBB-4439-A0A6-200351145078}.Release|Any CPU.Build.0 = Release|Any CPU
		{8999F728-0DBB-4439-A0A6-200351145078}.Release|x64.ActiveCfg = Release|Any CPU
		{8999F728-0DBB-4439-A0A6-200351145078}.Release|x64.Build.0 = Release|Any CPU
		{8999F728-0DBB-4439-A0A6-200351145078}.Release|x86.ActiveCfg = Release|Any CPU
		{8999F728-0DBB-4439-A0A6-200351145078}.Release|x86.Build.0 = Release|Any CPU
		{F8E260D9-465D-4A24-8CD0-15B3FA29C70C}.Debug|Any CPU.ActiveCfg = Debug|Any CPU
		{F8E260D9-465D-4A24-8CD0-15B3FA29C70C}.Debug|Any CPU.Build.0 = Debug|Any CPU
		{F8E260D9-465D-4A24-8CD0-15B3FA29C70C}.Debug|x64.ActiveCfg = Debug|Any CPU
		{F8E260D9-465D-4A24-8CD0-15B3FA29C70C}.Debug|x64.Build.0 = Debug|Any CPU
		{F8E260D9-465D-4A24-8CD0-15B3FA29C70C}.Debug|x86.ActiveCfg = Debug|Any CPU
		{F8E260D9-465D-4A24-8CD0-15B3FA29C70C}.Debug|x86.Build.0 = Debug|Any CPU
		{F8E260D9-465D-4A24-8CD0-15B3FA29C70C}.Release|Any CPU.ActiveCfg = Release|Any CPU
		{F8E260D9-465D-4A24-8CD0-15B3FA29C70C}.Release|Any CPU.Build.0 = Release|Any CPU
		{F8E260D9-465D-4A24-8CD0-15B3FA29C70C}.Release|x64.ActiveCfg = Release|Any CPU
		{F8E260D9-465D-4A24-8CD0-15B3FA29C70C}.Release|x64.Build.0 = Release|Any CPU
		{F8E260D9-465D-4A24-8CD0-15B3FA29C70C}.Release|x86.ActiveCfg = Release|Any CPU
		{F8E260D9-465D-4A24-8CD0-15B3FA29C70C}.Release|x86.Build.0 = Release|Any CPU
		{9F6A1D49-779D-4AF2-9A8A-4AEC81EE2FF8}.Debug|Any CPU.ActiveCfg = Debug|Any CPU
		{9F6A1D49-779D-4AF2-9A8A-4AEC81EE2FF8}.Debug|Any CPU.Build.0 = Debug|Any CPU
		{9F6A1D49-779D-4AF2-9A8A-4AEC81EE2FF8}.Debug|x64.ActiveCfg = Debug|Any CPU
		{9F6A1D49-779D-4AF2-9A8A-4AEC81EE2FF8}.Debug|x64.Build.0 = Debug|Any CPU
		{9F6A1D49-779D-4AF2-9A8A-4AEC81EE2FF8}.Debug|x86.ActiveCfg = Debug|Any CPU
		{9F6A1D49-779D-4AF2-9A8A-4AEC81EE2FF8}.Debug|x86.Build.0 = Debug|Any CPU
		{9F6A1D49-779D-4AF2-9A8A-4AEC81EE2FF8}.Release|Any CPU.ActiveCfg = Release|Any CPU
		{9F6A1D49-779D-4AF2-9A8A-4AEC81EE2FF8}.Release|Any CPU.Build.0 = Release|Any CPU
		{9F6A1D49-779D-4AF2-9A8A-4AEC81EE2FF8}.Release|x64.ActiveCfg = Release|Any CPU
		{9F6A1D49-779D-4AF2-9A8A-4AEC81EE2FF8}.Release|x64.Build.0 = Release|Any CPU
		{9F6A1D49-779D-4AF2-9A8A-4AEC81EE2FF8}.Release|x86.ActiveCfg = Release|Any CPU
		{9F6A1D49-779D-4AF2-9A8A-4AEC81EE2FF8}.Release|x86.Build.0 = Release|Any CPU
		{E16652EE-E23F-4971-919F-8F9E6B87BA4B}.Debug|Any CPU.ActiveCfg = Debug|Any CPU
		{E16652EE-E23F-4971-919F-8F9E6B87BA4B}.Debug|Any CPU.Build.0 = Debug|Any CPU
		{E16652EE-E23F-4971-919F-8F9E6B87BA4B}.Debug|x64.ActiveCfg = Debug|Any CPU
		{E16652EE-E23F-4971-919F-8F9E6B87BA4B}.Debug|x64.Build.0 = Debug|Any CPU
		{E16652EE-E23F-4971-919F-8F9E6B87BA4B}.Debug|x86.ActiveCfg = Debug|Any CPU
		{E16652EE-E23F-4971-919F-8F9E6B87BA4B}.Debug|x86.Build.0 = Debug|Any CPU
		{E16652EE-E23F-4971-919F-8F9E6B87BA4B}.Release|Any CPU.ActiveCfg = Release|Any CPU
		{E16652EE-E23F-4971-919F-8F9E6B87BA4B}.Release|Any CPU.Build.0 = Release|Any CPU
		{E16652EE-E23F-4971-919F-8F9E6B87BA4B}.Release|x64.ActiveCfg = Release|Any CPU
		{E16652EE-E23F-4971-919F-8F9E6B87BA4B}.Release|x64.Build.0 = Release|Any CPU
		{E16652EE-E23F-4971-919F-8F9E6B87BA4B}.Release|x86.ActiveCfg = Release|Any CPU
		{E16652EE-E23F-4971-919F-8F9E6B87BA4B}.Release|x86.Build.0 = Release|Any CPU
		{764C6718-5B71-492B-B6B8-5D43032C4A26}.Debug|Any CPU.ActiveCfg = Debug|Any CPU
		{764C6718-5B71-492B-B6B8-5D43032C4A26}.Debug|Any CPU.Build.0 = Debug|Any CPU
		{764C6718-5B71-492B-B6B8-5D43032C4A26}.Debug|x64.ActiveCfg = Debug|Any CPU
		{764C6718-5B71-492B-B6B8-5D43032C4A26}.Debug|x64.Build.0 = Debug|Any CPU
		{764C6718-5B71-492B-B6B8-5D43032C4A26}.Debug|x86.ActiveCfg = Debug|Any CPU
		{764C6718-5B71-492B-B6B8-5D43032C4A26}.Debug|x86.Build.0 = Debug|Any CPU
		{764C6718-5B71-492B-B6B8-5D43032C4A26}.Release|Any CPU.ActiveCfg = Release|Any CPU
		{764C6718-5B71-492B-B6B8-5D43032C4A26}.Release|Any CPU.Build.0 = Release|Any CPU
		{764C6718-5B71-492B-B6B8-5D43032C4A26}.Release|x64.ActiveCfg = Release|Any CPU
		{764C6718-5B71-492B-B6B8-5D43032C4A26}.Release|x64.Build.0 = Release|Any CPU
		{764C6718-5B71-492B-B6B8-5D43032C4A26}.Release|x86.ActiveCfg = Release|Any CPU
		{764C6718-5B71-492B-B6B8-5D43032C4A26}.Release|x86.Build.0 = Release|Any CPU
	EndGlobalSection
	GlobalSection(SolutionProperties) = preSolution
		HideSolutionNode = FALSE
	EndGlobalSection
	GlobalSection(NestedProjects) = preSolution
		{227D6BAB-6DF9-4871-9F7B-3C74C37B179C} = {827E0CD3-B72D-47B6-A68D-7590B98EB39B}
		{D409C426-14BB-4E78-AEFA-256CA47DF597} = {827E0CD3-B72D-47B6-A68D-7590B98EB39B}
		{8999F728-0DBB-4439-A0A6-200351145078} = {827E0CD3-B72D-47B6-A68D-7590B98EB39B}
		{F8E260D9-465D-4A24-8CD0-15B3FA29C70C} = {827E0CD3-B72D-47B6-A68D-7590B98EB39B}
		{9F6A1D49-779D-4AF2-9A8A-4AEC81EE2FF8} = {0AB3BF05-4346-4AA6-1389-037BE0695223}
		{E16652EE-E23F-4971-919F-8F9E6B87BA4B} = {0AB3BF05-4346-4AA6-1389-037BE0695223}
		{764C6718-5B71-492B-B6B8-5D43032C4A26} = {0AB3BF05-4346-4AA6-1389-037BE0695223}
	EndGlobalSection
EndGlobal
